
Microsoft Visual Studio Solution File, Format Version 12.00
# Visual Studio 15
VisualStudioVersion = 15.0.28010.2048
MinimumVisualStudioVersion = 10.0.40219.1
Project("{FAE04EC0-301F-11D3-BF4B-00C04F79EFBC}") = "MyBlog", "MyBlog\MyBlog.csproj", "{C5391A85-0EE1-4160-8D63-988212864EA4}"
EndProject
Global
	GlobalSection(SolutionConfigurationPlatforms) = preSolution
		Debug|Any CPU = Debug|Any CPU
		Release|Any CPU = Release|Any CPU
	EndGlobalSection
	GlobalSection(ProjectConfigurationPlatforms) = postSolution
		{C5391A85-0EE1-4160-8D63-988212864EA4}.Debug|Any CPU.ActiveCfg = Debug|Any CPU
		{C5391A85-0EE1-4160-8D63-988212864EA4}.Debug|Any CPU.Build.0 = Debug|Any CPU
		{C5391A85-0EE1-4160-8D63-988212864EA4}.Release|Any CPU.ActiveCfg = Release|Any CPU
		{C5391A85-0EE1-4160-8D63-988212864EA4}.Release|Any CPU.Build.0 = Release|Any CPU
	EndGlobalSection
	GlobalSection(SolutionProperties) = preSolution
		HideSolutionNode = FALSE
	EndGlobalSection
	GlobalSection(ExtensibilityGlobals) = postSolution
		SolutionGuid = {72A1CC5D-9D67-4610-BDBA-2C2AE9D79B64}
	EndGlobalSection
EndGlobal
